
Microsoft Visual Studio Solution File, Format Version 12.00
# Visual Studio Version 16
VisualStudioVersion = 16.0.29418.71
MinimumVisualStudioVersion = 10.0.40219.1
Project("{9A19103F-16F7-4668-BE54-9A1E7A4F7556}") = "erikitofunctions", "erikitofunctions\erikitofunctions.csproj", "{0728D0D3-2880-41CF-85F5-08F6EBDDB6FE}"
EndProject
Global
	GlobalSection(SolutionConfigurationPlatforms) = preSolution
		Debug|Any CPU = Debug|Any CPU
		Release|Any CPU = Release|Any CPU
	EndGlobalSection
	GlobalSection(ProjectConfigurationPlatforms) = postSolution
		{0728D0D3-2880-41CF-85F5-08F6EBDDB6FE}.Debug|Any CPU.ActiveCfg = Debug|Any CPU
		{0728D0D3-2880-41CF-85F5-08F6EBDDB6FE}.Debug|Any CPU.Build.0 = Debug|Any CPU
		{0728D0D3-2880-41CF-85F5-08F6EBDDB6FE}.Release|Any CPU.ActiveCfg = Release|Any CPU
		{0728D0D3-2880-41CF-85F5-08F6EBDDB6FE}.Release|Any CPU.Build.0 = Release|Any CPU
	EndGlobalSection
	GlobalSection(SolutionProperties) = preSolution
		HideSolutionNode = FALSE
	EndGlobalSection
	GlobalSection(ExtensibilityGlobals) = postSolution
		SolutionGuid = {1AA6B458-A4A3-4B74-BD92-CCF5B692785B}
	EndGlobalSection
EndGlobal
